// !$*UTF8*$!
{
	archiveVersion = 1;
	classes = {
	};
	objectVersion = 56;
	objects = {

/* Begin PBXBuildFile section */
		4DD35D7F2CBE16C700E89775 /* cruxApp.swift in Sources */ = {isa = PBXBuildFile; fileRef = 4DD35D7E2CBE16C700E89775 /* cruxApp.swift */; };
		4DD35D812CBE16C700E89775 /* ContentView.swift in Sources */ = {isa = PBXBuildFile; fileRef = 4DD35D802CBE16C700E89775 /* ContentView.swift */; };
		4DD35D832CBE16C800E89775 /* Assets.xcassets in Resources */ = {isa = PBXBuildFile; fileRef = 4DD35D822CBE16C800E89775 /* Assets.xcassets */; };
		4DD35D862CBE16C800E89775 /* Preview Assets.xcassets in Resources */ = {isa = PBXBuildFile; fileRef = 4DD35D852CBE16C800E89775 /* Preview Assets.xcassets */; };
		4DD35D8D2CBE197700E89775 /* GoogleService-Info.plist in Resources */ = {isa = PBXBuildFile; fileRef = 4DD35D8C2CBE197700E89775 /* GoogleService-Info.plist */; };
		4DD35D902CBE1B2800E89775 /* FirebaseAnalytics in Frameworks */ = {isa = PBXBuildFile; productRef = 4DD35D8F2CBE1B2800E89775 /* FirebaseAnalytics */; };
		4DD35D932CBE1D5300E89775 /* FirebaseAuth in Frameworks */ = {isa = PBXBuildFile; productRef = 4DD35D922CBE1D5300E89775 /* FirebaseAuth */; };
		4DD35D962CBE1E5400E89775 /* AuthenticationView.swift in Sources */ = {isa = PBXBuildFile; fileRef = 4DD35D952CBE1E5400E89775 /* AuthenticationView.swift */; };
		4DD35D982CBE1FA000E89775 /* SignInEmailView.swift in Sources */ = {isa = PBXBuildFile; fileRef = 4DD35D972CBE1FA000E89775 /* SignInEmailView.swift */; };
		4DD35D9A2CBE223B00E89775 /* AuthenticationManager.swift in Sources */ = {isa = PBXBuildFile; fileRef = 4DD35D992CBE223B00E89775 /* AuthenticationManager.swift */; };
		4DD35D9C2CBE477100E89775 /* RootView.swift in Sources */ = {isa = PBXBuildFile; fileRef = 4DD35D9B2CBE477100E89775 /* RootView.swift */; };
		4DD35D9E2CBE4AFB00E89775 /* SettingsView.swift in Sources */ = {isa = PBXBuildFile; fileRef = 4DD35D9D2CBE4AFB00E89775 /* SettingsView.swift */; };
		4DD35DA12CBF85AB00E89775 /* FirebaseAnalyticsSwift in Frameworks */ = {isa = PBXBuildFile; productRef = 4DD35DA02CBF85AB00E89775 /* FirebaseAnalyticsSwift */; };
		4DD35DA32CC0A6A800E89775 /* FirebaseFirestore in Frameworks */ = {isa = PBXBuildFile; productRef = 4DD35DA22CC0A6A800E89775 /* FirebaseFirestore */; };
		4DD35DA52CC0A6A800E89775 /* FirebaseFirestoreSwift in Frameworks */ = {isa = PBXBuildFile; productRef = 4DD35DA42CC0A6A800E89775 /* FirebaseFirestoreSwift */; };
		4DD35DA92CC0A7D900E89775 /* ProfileView.swift in Sources */ = {isa = PBXBuildFile; fileRef = 4DD35DA82CC0A7D900E89775 /* ProfileView.swift */; };
		4DD35DAC2CC0AE9E00E89775 /* UserManager.swift in Sources */ = {isa = PBXBuildFile; fileRef = 4DD35DAB2CC0AE9E00E89775 /* UserManager.swift */; };
		4DD35DAE2CC0BF0E00E89775 /* OnboardingView.swift in Sources */ = {isa = PBXBuildFile; fileRef = 4DD35DAD2CC0BF0E00E89775 /* OnboardingView.swift */; };
		4DF2FFC22CC700F600C15C1A /* ProjectCardView.swift in Sources */ = {isa = PBXBuildFile; fileRef = 4DF2FFC12CC700F600C15C1A /* ProjectCardView.swift */; };
		4DF2FFC42CC7011600C15C1A /* ProjectDetailView.swift in Sources */ = {isa = PBXBuildFile; fileRef = 4DF2FFC32CC7011600C15C1A /* ProjectDetailView.swift */; };
		4DF2FFC72CC7015400C15C1A /* Project.swift in Sources */ = {isa = PBXBuildFile; fileRef = 4DF2FFC62CC7015400C15C1A /* Project.swift */; };
		4DF2FFC92CC7024000C15C1A /* ProjectManager.swift in Sources */ = {isa = PBXBuildFile; fileRef = 4DF2FFC82CC7024000C15C1A /* ProjectManager.swift */; };
		4DF2FFCB2CC702D000C15C1A /* ProjectViewModel.swift in Sources */ = {isa = PBXBuildFile; fileRef = 4DF2FFCA2CC702D000C15C1A /* ProjectViewModel.swift */; };
		4DF2FFCD2CC702EC00C15C1A /* UploadProjectView.swift in Sources */ = {isa = PBXBuildFile; fileRef = 4DF2FFCC2CC702EC00C15C1A /* UploadProjectView.swift */; };
		4DF2FFCF2CC722E600C15C1A /* FirebaseAppCheck in Frameworks */ = {isa = PBXBuildFile; productRef = 4DF2FFCE2CC722E600C15C1A /* FirebaseAppCheck */; };
		4DF2FFD12CC724EA00C15C1A /* FirebaseAuthCombine-Community in Frameworks */ = {isa = PBXBuildFile; productRef = 4DF2FFD02CC724EA00C15C1A /* FirebaseAuthCombine-Community */; };
		4DF2FFD32CC7250E00C15C1A /* FirebaseStorage in Frameworks */ = {isa = PBXBuildFile; productRef = 4DF2FFD22CC7250E00C15C1A /* FirebaseStorage */; };
		4DF2FFD52CC8BBE200C15C1A /* ProjectListView.swift in Sources */ = {isa = PBXBuildFile; fileRef = 4DF2FFD42CC8BBE200C15C1A /* ProjectListView.swift */; };
		4DF2FFD72CC8BC9900C15C1A /* MainTabView.swift in Sources */ = {isa = PBXBuildFile; fileRef = 4DF2FFD62CC8BC9900C15C1A /* MainTabView.swift */; };
/* End PBXBuildFile section */

/* Begin PBXFileReference section */
		4DD35D7B2CBE16C700E89775 /* crux.app */ = {isa = PBXFileReference; explicitFileType = wrapper.application; includeInIndex = 0; path = crux.app; sourceTree = BUILT_PRODUCTS_DIR; };
		4DD35D7E2CBE16C700E89775 /* cruxApp.swift */ = {isa = PBXFileReference; lastKnownFileType = sourcecode.swift; path = cruxApp.swift; sourceTree = "<group>"; };
		4DD35D802CBE16C700E89775 /* ContentView.swift */ = {isa = PBXFileReference; lastKnownFileType = sourcecode.swift; path = ContentView.swift; sourceTree = "<group>"; };
		4DD35D822CBE16C800E89775 /* Assets.xcassets */ = {isa = PBXFileReference; lastKnownFileType = folder.assetcatalog; path = Assets.xcassets; sourceTree = "<group>"; };
		4DD35D852CBE16C800E89775 /* Preview Assets.xcassets */ = {isa = PBXFileReference; lastKnownFileType = folder.assetcatalog; path = "Preview Assets.xcassets"; sourceTree = "<group>"; };
		4DD35D8C2CBE197700E89775 /* GoogleService-Info.plist */ = {isa = PBXFileReference; fileEncoding = 4; lastKnownFileType = text.plist.xml; path = "GoogleService-Info.plist"; sourceTree = "<group>"; };
		4DD35D952CBE1E5400E89775 /* AuthenticationView.swift */ = {isa = PBXFileReference; lastKnownFileType = sourcecode.swift; path = AuthenticationView.swift; sourceTree = "<group>"; };
		4DD35D972CBE1FA000E89775 /* SignInEmailView.swift */ = {isa = PBXFileReference; lastKnownFileType = sourcecode.swift; path = SignInEmailView.swift; sourceTree = "<group>"; };
		4DD35D992CBE223B00E89775 /* AuthenticationManager.swift */ = {isa = PBXFileReference; lastKnownFileType = sourcecode.swift; path = AuthenticationManager.swift; sourceTree = "<group>"; };
		4DD35D9B2CBE477100E89775 /* RootView.swift */ = {isa = PBXFileReference; lastKnownFileType = sourcecode.swift; path = RootView.swift; sourceTree = "<group>"; };
		4DD35D9D2CBE4AFB00E89775 /* SettingsView.swift */ = {isa = PBXFileReference; lastKnownFileType = sourcecode.swift; path = SettingsView.swift; sourceTree = "<group>"; };
		4DD35DA82CC0A7D900E89775 /* ProfileView.swift */ = {isa = PBXFileReference; lastKnownFileType = sourcecode.swift; path = ProfileView.swift; sourceTree = "<group>"; };
		4DD35DAB2CC0AE9E00E89775 /* UserManager.swift */ = {isa = PBXFileReference; lastKnownFileType = sourcecode.swift; path = UserManager.swift; sourceTree = "<group>"; };
		4DD35DAD2CC0BF0E00E89775 /* OnboardingView.swift */ = {isa = PBXFileReference; lastKnownFileType = sourcecode.swift; path = OnboardingView.swift; sourceTree = "<group>"; };
		4DF2FFC12CC700F600C15C1A /* ProjectCardView.swift */ = {isa = PBXFileReference; lastKnownFileType = sourcecode.swift; path = ProjectCardView.swift; sourceTree = "<group>"; };
		4DF2FFC32CC7011600C15C1A /* ProjectDetailView.swift */ = {isa = PBXFileReference; lastKnownFileType = sourcecode.swift; path = ProjectDetailView.swift; sourceTree = "<group>"; };
		4DF2FFC62CC7015400C15C1A /* Project.swift */ = {isa = PBXFileReference; lastKnownFileType = sourcecode.swift; path = Project.swift; sourceTree = "<group>"; };
		4DF2FFC82CC7024000C15C1A /* ProjectManager.swift */ = {isa = PBXFileReference; lastKnownFileType = sourcecode.swift; path = ProjectManager.swift; sourceTree = "<group>"; };
		4DF2FFCA2CC702D000C15C1A /* ProjectViewModel.swift */ = {isa = PBXFileReference; lastKnownFileType = sourcecode.swift; path = ProjectViewModel.swift; sourceTree = "<group>"; };
		4DF2FFCC2CC702EC00C15C1A /* UploadProjectView.swift */ = {isa = PBXFileReference; lastKnownFileType = sourcecode.swift; path = UploadProjectView.swift; sourceTree = "<group>"; };
		4DF2FFD42CC8BBE200C15C1A /* ProjectListView.swift */ = {isa = PBXFileReference; lastKnownFileType = sourcecode.swift; path = ProjectListView.swift; sourceTree = "<group>"; };
		4DF2FFD62CC8BC9900C15C1A /* MainTabView.swift */ = {isa = PBXFileReference; lastKnownFileType = sourcecode.swift; path = MainTabView.swift; sourceTree = "<group>"; };
/* End PBXFileReference section */

/* Begin PBXFrameworksBuildPhase section */
		4DD35D782CBE16C700E89775 /* Frameworks */ = {
			isa = PBXFrameworksBuildPhase;
			buildActionMask = 2147483647;
			files = (
				4DD35DA52CC0A6A800E89775 /* FirebaseFirestoreSwift in Frameworks */,
				4DD35DA12CBF85AB00E89775 /* FirebaseAnalyticsSwift in Frameworks */,
				4DD35DA32CC0A6A800E89775 /* FirebaseFirestore in Frameworks */,
				4DD35D902CBE1B2800E89775 /* FirebaseAnalytics in Frameworks */,
				4DF2FFCF2CC722E600C15C1A /* FirebaseAppCheck in Frameworks */,
				4DF2FFD32CC7250E00C15C1A /* FirebaseStorage in Frameworks */,
				4DF2FFD12CC724EA00C15C1A /* FirebaseAuthCombine-Community in Frameworks */,
				4DD35D932CBE1D5300E89775 /* FirebaseAuth in Frameworks */,
			);
			runOnlyForDeploymentPostprocessing = 0;
		};
/* End PBXFrameworksBuildPhase section */

/* Begin PBXGroup section */
		4DD35D722CBE16C700E89775 = {
			isa = PBXGroup;
			children = (
				4DD35D7D2CBE16C700E89775 /* crux */,
				4DD35D7C2CBE16C700E89775 /* Products */,
				4DD35D912CBE1D5300E89775 /* Frameworks */,
			);
			sourceTree = "<group>";
		};
		4DD35D7C2CBE16C700E89775 /* Products */ = {
			isa = PBXGroup;
			children = (
				4DD35D7B2CBE16C700E89775 /* crux.app */,
			);
			name = Products;
			sourceTree = "<group>";
		};
		4DD35D7D2CBE16C700E89775 /* crux */ = {
			isa = PBXGroup;
			children = (
				4DD35D7E2CBE16C700E89775 /* cruxApp.swift */,
				4DD35D802CBE16C700E89775 /* ContentView.swift */,
				4DF2FFD62CC8BC9900C15C1A /* MainTabView.swift */,
				4DD35DA62CC0A72700E89775 /* Core */,
				4DD35D942CBE1E4000E89775 /* Authentication */,
				4DF2FFC52CC7014300C15C1A /* Project */,
				4DD35DAA2CC0AE8C00E89775 /* FireStore */,
				4DD35D822CBE16C800E89775 /* Assets.xcassets */,
				4DD35D8C2CBE197700E89775 /* GoogleService-Info.plist */,
				4DD35D842CBE16C800E89775 /* Preview Content */,
			);
			path = crux;
			sourceTree = "<group>";
		};
		4DD35D842CBE16C800E89775 /* Preview Content */ = {
			isa = PBXGroup;
			children = (
				4DD35D852CBE16C800E89775 /* Preview Assets.xcassets */,
			);
			path = "Preview Content";
			sourceTree = "<group>";
		};
		4DD35D912CBE1D5300E89775 /* Frameworks */ = {
			isa = PBXGroup;
			children = (
			);
			name = Frameworks;
			sourceTree = "<group>";
		};
		4DD35D942CBE1E4000E89775 /* Authentication */ = {
			isa = PBXGroup;
			children = (
				4DD35D992CBE223B00E89775 /* AuthenticationManager.swift */,
			);
			path = Authentication;
			sourceTree = "<group>";
		};
		4DD35DA62CC0A72700E89775 /* Core */ = {
			isa = PBXGroup;
			children = (
				4DD35DA72CC0A7C800E89775 /* Profile */,
				4DD35D9B2CBE477100E89775 /* RootView.swift */,
				4DD35D9D2CBE4AFB00E89775 /* SettingsView.swift */,
				4DD35D952CBE1E5400E89775 /* AuthenticationView.swift */,
				4DD35D972CBE1FA000E89775 /* SignInEmailView.swift */,
				4DD35DAD2CC0BF0E00E89775 /* OnboardingView.swift */,
			);
			path = Core;
			sourceTree = "<group>";
		};
		4DD35DA72CC0A7C800E89775 /* Profile */ = {
			isa = PBXGroup;
			children = (
				4DD35DA82CC0A7D900E89775 /* ProfileView.swift */,
			);
			path = Profile;
			sourceTree = "<group>";
		};
		4DD35DAA2CC0AE8C00E89775 /* FireStore */ = {
			isa = PBXGroup;
			children = (
				4DD35DAB2CC0AE9E00E89775 /* UserManager.swift */,
			);
			path = FireStore;
			sourceTree = "<group>";
		};
		4DF2FFC52CC7014300C15C1A /* Project */ = {
			isa = PBXGroup;
			children = (
				4DF2FFC32CC7011600C15C1A /* ProjectDetailView.swift */,
				4DF2FFC12CC700F600C15C1A /* ProjectCardView.swift */,
				4DF2FFC62CC7015400C15C1A /* Project.swift */,
				4DF2FFC82CC7024000C15C1A /* ProjectManager.swift */,
				4DF2FFCA2CC702D000C15C1A /* ProjectViewModel.swift */,
				4DF2FFCC2CC702EC00C15C1A /* UploadProjectView.swift */,
				4DF2FFD42CC8BBE200C15C1A /* ProjectListView.swift */,
			);
			path = Project;
			sourceTree = "<group>";
		};
/* End PBXGroup section */

/* Begin PBXNativeTarget section */
		4DD35D7A2CBE16C700E89775 /* crux */ = {
			isa = PBXNativeTarget;
			buildConfigurationList = 4DD35D892CBE16C800E89775 /* Build configuration list for PBXNativeTarget "crux" */;
			buildPhases = (
				4DD35D772CBE16C700E89775 /* Sources */,
				4DD35D782CBE16C700E89775 /* Frameworks */,
				4DD35D792CBE16C700E89775 /* Resources */,
			);
			buildRules = (
			);
			dependencies = (
			);
			name = crux;
			packageProductDependencies = (
				4DD35D8F2CBE1B2800E89775 /* FirebaseAnalytics */,
				4DD35D922CBE1D5300E89775 /* FirebaseAuth */,
				4DD35DA02CBF85AB00E89775 /* FirebaseAnalyticsSwift */,
				4DD35DA22CC0A6A800E89775 /* FirebaseFirestore */,
				4DD35DA42CC0A6A800E89775 /* FirebaseFirestoreSwift */,
				4DF2FFCE2CC722E600C15C1A /* FirebaseAppCheck */,
				4DF2FFD02CC724EA00C15C1A /* FirebaseAuthCombine-Community */,
				4DF2FFD22CC7250E00C15C1A /* FirebaseStorage */,
			);
			productName = crux;
			productReference = 4DD35D7B2CBE16C700E89775 /* crux.app */;
			productType = "com.apple.product-type.application";
		};
/* End PBXNativeTarget section */

/* Begin PBXProject section */
		4DD35D732CBE16C700E89775 /* Project object */ = {
			isa = PBXProject;
			attributes = {
				BuildIndependentTargetsInParallel = 1;
				LastSwiftUpdateCheck = 1540;
				LastUpgradeCheck = 1540;
				TargetAttributes = {
					4DD35D7A2CBE16C700E89775 = {
						CreatedOnToolsVersion = 15.4;
					};
				};
			};
			buildConfigurationList = 4DD35D762CBE16C700E89775 /* Build configuration list for PBXProject "crux" */;
			compatibilityVersion = "Xcode 14.0";
			developmentRegion = en;
			hasScannedForEncodings = 0;
			knownRegions = (
				en,
				Base,
			);
			mainGroup = 4DD35D722CBE16C700E89775;
			packageReferences = (
				4DD35D8E2CBE1B2800E89775 /* XCRemoteSwiftPackageReference "firebase-ios-sdk" */,
			);
			productRefGroup = 4DD35D7C2CBE16C700E89775 /* Products */;
			projectDirPath = "";
			projectRoot = "";
			targets = (
				4DD35D7A2CBE16C700E89775 /* crux */,
			);
		};
/* End PBXProject section */

/* Begin PBXResourcesBuildPhase section */
		4DD35D792CBE16C700E89775 /* Resources */ = {
			isa = PBXResourcesBuildPhase;
			buildActionMask = 2147483647;
			files = (
				4DD35D862CBE16C800E89775 /* Preview Assets.xcassets in Resources */,
				4DD35D832CBE16C800E89775 /* Assets.xcassets in Resources */,
				4DD35D8D2CBE197700E89775 /* GoogleService-Info.plist in Resources */,
			);
			runOnlyForDeploymentPostprocessing = 0;
		};
/* End PBXResourcesBuildPhase section */

/* Begin PBXSourcesBuildPhase section */
		4DD35D772CBE16C700E89775 /* Sources */ = {
			isa = PBXSourcesBuildPhase;
			buildActionMask = 2147483647;
			files = (
				4DD35DAC2CC0AE9E00E89775 /* UserManager.swift in Sources */,
				4DD35DA92CC0A7D900E89775 /* ProfileView.swift in Sources */,
				4DD35D9E2CBE4AFB00E89775 /* SettingsView.swift in Sources */,
				4DD35DAE2CC0BF0E00E89775 /* OnboardingView.swift in Sources */,
				4DD35D812CBE16C700E89775 /* ContentView.swift in Sources */,
				4DF2FFC92CC7024000C15C1A /* ProjectManager.swift in Sources */,
				4DF2FFC72CC7015400C15C1A /* Project.swift in Sources */,
				4DD35D7F2CBE16C700E89775 /* cruxApp.swift in Sources */,
				4DD35D9C2CBE477100E89775 /* RootView.swift in Sources */,
				4DF2FFCD2CC702EC00C15C1A /* UploadProjectView.swift in Sources */,
				4DD35D962CBE1E5400E89775 /* AuthenticationView.swift in Sources */,
				4DF2FFD72CC8BC9900C15C1A /* MainTabView.swift in Sources */,
				4DF2FFC22CC700F600C15C1A /* ProjectCardView.swift in Sources */,
				4DD35D9A2CBE223B00E89775 /* AuthenticationManager.swift in Sources */,
				4DD35D982CBE1FA000E89775 /* SignInEmailView.swift in Sources */,
				4DF2FFC42CC7011600C15C1A /* ProjectDetailView.swift in Sources */,
				4DF2FFCB2CC702D000C15C1A /* ProjectViewModel.swift in Sources */,
				4DF2FFD52CC8BBE200C15C1A /* ProjectListView.swift in Sources */,
			);
			runOnlyForDeploymentPostprocessing = 0;
		};
/* End PBXSourcesBuildPhase section */

/* Begin XCBuildConfiguration section */
		4DD35D872CBE16C800E89775 /* Debug */ = {
			isa = XCBuildConfiguration;
			buildSettings = {
				ALWAYS_SEARCH_USER_PATHS = NO;
				ASSETCATALOG_COMPILER_GENERATE_SWIFT_ASSET_SYMBOL_EXTENSIONS = YES;
				CLANG_ANALYZER_NONNULL = YES;
				CLANG_ANALYZER_NUMBER_OBJECT_CONVERSION = YES_AGGRESSIVE;
				CLANG_CXX_LANGUAGE_STANDARD = "gnu++20";
				CLANG_ENABLE_MODULES = YES;
				CLANG_ENABLE_OBJC_ARC = YES;
				CLANG_ENABLE_OBJC_WEAK = YES;
				CLANG_WARN_BLOCK_CAPTURE_AUTORELEASING = YES;
				CLANG_WARN_BOOL_CONVERSION = YES;
				CLANG_WARN_COMMA = YES;
				CLANG_WARN_CONSTANT_CONVERSION = YES;
				CLANG_WARN_DEPRECATED_OBJC_IMPLEMENTATIONS = YES;
				CLANG_WARN_DIRECT_OBJC_ISA_USAGE = YES_ERROR;
				CLANG_WARN_DOCUMENTATION_COMMENTS = YES;
				CLANG_WARN_EMPTY_BODY = YES;
				CLANG_WARN_ENUM_CONVERSION = YES;
				CLANG_WARN_INFINITE_RECURSION = YES;
				CLANG_WARN_INT_CONVERSION = YES;
				CLANG_WARN_NON_LITERAL_NULL_CONVERSION = YES;
				CLANG_WARN_OBJC_IMPLICIT_RETAIN_SELF = YES;
				CLANG_WARN_OBJC_LITERAL_CONVERSION = YES;
				CLANG_WARN_OBJC_ROOT_CLASS = YES_ERROR;
				CLANG_WARN_QUOTED_INCLUDE_IN_FRAMEWORK_HEADER = YES;
				CLANG_WARN_RANGE_LOOP_ANALYSIS = YES;
				CLANG_WARN_STRICT_PROTOTYPES = YES;
				CLANG_WARN_SUSPICIOUS_MOVE = YES;
				CLANG_WARN_UNGUARDED_AVAILABILITY = YES_AGGRESSIVE;
				CLANG_WARN_UNREACHABLE_CODE = YES;
				CLANG_WARN__DUPLICATE_METHOD_MATCH = YES;
				COPY_PHASE_STRIP = NO;
				DEBUG_INFORMATION_FORMAT = dwarf;
				ENABLE_STRICT_OBJC_MSGSEND = YES;
				ENABLE_TESTABILITY = YES;
				ENABLE_USER_SCRIPT_SANDBOXING = YES;
				GCC_C_LANGUAGE_STANDARD = gnu17;
				GCC_DYNAMIC_NO_PIC = NO;
				GCC_NO_COMMON_BLOCKS = YES;
				GCC_OPTIMIZATION_LEVEL = 0;
				GCC_PREPROCESSOR_DEFINITIONS = (
					"DEBUG=1",
					"$(inherited)",
				);
				GCC_WARN_64_TO_32_BIT_CONVERSION = YES;
				GCC_WARN_ABOUT_RETURN_TYPE = YES_ERROR;
				GCC_WARN_UNDECLARED_SELECTOR = YES;
				GCC_WARN_UNINITIALIZED_AUTOS = YES_AGGRESSIVE;
				GCC_WARN_UNUSED_FUNCTION = YES;
				GCC_WARN_UNUSED_VARIABLE = YES;
				IPHONEOS_DEPLOYMENT_TARGET = 17.5;
				LOCALIZATION_PREFERS_STRING_CATALOGS = YES;
				MTL_ENABLE_DEBUG_INFO = INCLUDE_SOURCE;
				MTL_FAST_MATH = YES;
				ONLY_ACTIVE_ARCH = YES;
				SDKROOT = iphoneos;
				SWIFT_ACTIVE_COMPILATION_CONDITIONS = "DEBUG $(inherited)";
				SWIFT_OPTIMIZATION_LEVEL = "-Onone";
			};
			name = Debug;
		};
		4DD35D882CBE16C800E89775 /* Release */ = {
			isa = XCBuildConfiguration;
			buildSettings = {
				ALWAYS_SEARCH_USER_PATHS = NO;
				ASSETCATALOG_COMPILER_GENERATE_SWIFT_ASSET_SYMBOL_EXTENSIONS = YES;
				CLANG_ANALYZER_NONNULL = YES;
				CLANG_ANALYZER_NUMBER_OBJECT_CONVERSION = YES_AGGRESSIVE;
				CLANG_CXX_LANGUAGE_STANDARD = "gnu++20";
				CLANG_ENABLE_MODULES = YES;
				CLANG_ENABLE_OBJC_ARC = YES;
				CLANG_ENABLE_OBJC_WEAK = YES;
				CLANG_WARN_BLOCK_CAPTURE_AUTORELEASING = YES;
				CLANG_WARN_BOOL_CONVERSION = YES;
				CLANG_WARN_COMMA = YES;
				CLANG_WARN_CONSTANT_CONVERSION = YES;
				CLANG_WARN_DEPRECATED_OBJC_IMPLEMENTATIONS = YES;
				CLANG_WARN_DIRECT_OBJC_ISA_USAGE = YES_ERROR;
				CLANG_WARN_DOCUMENTATION_COMMENTS = YES;
				CLANG_WARN_EMPTY_BODY = YES;
				CLANG_WARN_ENUM_CONVERSION = YES;
				CLANG_WARN_INFINITE_RECURSION = YES;
				CLANG_WARN_INT_CONVERSION = YES;
				CLANG_WARN_NON_LITERAL_NULL_CONVERSION = YES;
				CLANG_WARN_OBJC_IMPLICIT_RETAIN_SELF = YES;
				CLANG_WARN_OBJC_LITERAL_CONVERSION = YES;
				CLANG_WARN_OBJC_ROOT_CLASS = YES_ERROR;
				CLANG_WARN_QUOTED_INCLUDE_IN_FRAMEWORK_HEADER = YES;
				CLANG_WARN_RANGE_LOOP_ANALYSIS = YES;
				CLANG_WARN_STRICT_PROTOTYPES = YES;
				CLANG_WARN_SUSPICIOUS_MOVE = YES;
				CLANG_WARN_UNGUARDED_AVAILABILITY = YES_AGGRESSIVE;
				CLANG_WARN_UNREACHABLE_CODE = YES;
				CLANG_WARN__DUPLICATE_METHOD_MATCH = YES;
				COPY_PHASE_STRIP = NO;
				DEBUG_INFORMATION_FORMAT = "dwarf-with-dsym";
				ENABLE_NS_ASSERTIONS = NO;
				ENABLE_STRICT_OBJC_MSGSEND = YES;
				ENABLE_USER_SCRIPT_SANDBOXING = YES;
				GCC_C_LANGUAGE_STANDARD = gnu17;
				GCC_NO_COMMON_BLOCKS = YES;
				GCC_WARN_64_TO_32_BIT_CONVERSION = YES;
				GCC_WARN_ABOUT_RETURN_TYPE = YES_ERROR;
				GCC_WARN_UNDECLARED_SELECTOR = YES;
				GCC_WARN_UNINITIALIZED_AUTOS = YES_AGGRESSIVE;
				GCC_WARN_UNUSED_FUNCTION = YES;
				GCC_WARN_UNUSED_VARIABLE = YES;
				IPHONEOS_DEPLOYMENT_TARGET = 17.5;
				LOCALIZATION_PREFERS_STRING_CATALOGS = YES;
				MTL_ENABLE_DEBUG_INFO = NO;
				MTL_FAST_MATH = YES;
				SDKROOT = iphoneos;
				SWIFT_COMPILATION_MODE = wholemodule;
				VALIDATE_PRODUCT = YES;
			};
			name = Release;
		};
		4DD35D8A2CBE16C800E89775 /* Debug */ = {
			isa = XCBuildConfiguration;
			buildSettings = {
				ASSETCATALOG_COMPILER_APPICON_NAME = AppIcon;
				ASSETCATALOG_COMPILER_GLOBAL_ACCENT_COLOR_NAME = AccentColor;
				CODE_SIGN_STYLE = Automatic;
				CURRENT_PROJECT_VERSION = 1;
				DEVELOPMENT_ASSET_PATHS = "\"crux/Preview Content\"";
				ENABLE_PREVIEWS = YES;
				GENERATE_INFOPLIST_FILE = YES;
				INFOPLIST_KEY_UIApplicationSceneManifest_Generation = YES;
				INFOPLIST_KEY_UIApplicationSupportsIndirectInputEvents = YES;
				INFOPLIST_KEY_UILaunchScreen_Generation = YES;
				INFOPLIST_KEY_UISupportedInterfaceOrientations_iPad = "UIInterfaceOrientationPortrait UIInterfaceOrientationPortraitUpsideDown UIInterfaceOrientationLandscapeLeft UIInterfaceOrientationLandscapeRight";
				INFOPLIST_KEY_UISupportedInterfaceOrientations_iPhone = "UIInterfaceOrientationPortrait UIInterfaceOrientationLandscapeLeft UIInterfaceOrientationLandscapeRight";
				LD_RUNPATH_SEARCH_PATHS = (
					"$(inherited)",
					"@executable_path/Frameworks",
				);
				MARKETING_VERSION = 1.0;
				PRODUCT_BUNDLE_IDENTIFIER = ucla.crux;
				PRODUCT_NAME = "$(TARGET_NAME)";
				SWIFT_EMIT_LOC_STRINGS = YES;
				SWIFT_VERSION = 5.0;
				TARGETED_DEVICE_FAMILY = "1,2";
			};
			name = Debug;
		};
		4DD35D8B2CBE16C800E89775 /* Release */ = {
			isa = XCBuildConfiguration;
			buildSettings = {
				ASSETCATALOG_COMPILER_APPICON_NAME = AppIcon;
				ASSETCATALOG_COMPILER_GLOBAL_ACCENT_COLOR_NAME = AccentColor;
				CODE_SIGN_STYLE = Automatic;
				CURRENT_PROJECT_VERSION = 1;
				DEVELOPMENT_ASSET_PATHS = "\"crux/Preview Content\"";
				ENABLE_PREVIEWS = YES;
				GENERATE_INFOPLIST_FILE = YES;
				INFOPLIST_KEY_UIApplicationSceneManifest_Generation = YES;
				INFOPLIST_KEY_UIApplicationSupportsIndirectInputEvents = YES;
				INFOPLIST_KEY_UILaunchScreen_Generation = YES;
				INFOPLIST_KEY_UISupportedInterfaceOrientations_iPad = "UIInterfaceOrientationPortrait UIInterfaceOrientationPortraitUpsideDown UIInterfaceOrientationLandscapeLeft UIInterfaceOrientationLandscapeRight";
				INFOPLIST_KEY_UISupportedInterfaceOrientations_iPhone = "UIInterfaceOrientationPortrait UIInterfaceOrientationLandscapeLeft UIInterfaceOrientationLandscapeRight";
				LD_RUNPATH_SEARCH_PATHS = (
					"$(inherited)",
					"@executable_path/Frameworks",
				);
				MARKETING_VERSION = 1.0;
				PRODUCT_BUNDLE_IDENTIFIER = ucla.crux;
				PRODUCT_NAME = "$(TARGET_NAME)";
				SWIFT_EMIT_LOC_STRINGS = YES;
				SWIFT_VERSION = 5.0;
				TARGETED_DEVICE_FAMILY = "1,2";
			};
			name = Release;
		};
/* End XCBuildConfiguration section */

/* Begin XCConfigurationList section */
		4DD35D762CBE16C700E89775 /* Build configuration list for PBXProject "crux" */ = {
			isa = XCConfigurationList;
			buildConfigurations = (
				4DD35D872CBE16C800E89775 /* Debug */,
				4DD35D882CBE16C800E89775 /* Release */,
			);
			defaultConfigurationIsVisible = 0;
			defaultConfigurationName = Release;
		};
		4DD35D892CBE16C800E89775 /* Build configuration list for PBXNativeTarget "crux" */ = {
			isa = XCConfigurationList;
			buildConfigurations = (
				4DD35D8A2CBE16C800E89775 /* Debug */,
				4DD35D8B2CBE16C800E89775 /* Release */,
			);
			defaultConfigurationIsVisible = 0;
			defaultConfigurationName = Release;
		};
/* End XCConfigurationList section */

/* Begin XCRemoteSwiftPackageReference section */
		4DD35D8E2CBE1B2800E89775 /* XCRemoteSwiftPackageReference "firebase-ios-sdk" */ = {
			isa = XCRemoteSwiftPackageReference;
			repositoryURL = "https://github.com/firebase/firebase-ios-sdk.git";
			requirement = {
				kind = exactVersion;
				version = 10.4.0;
			};
		};
/* End XCRemoteSwiftPackageReference section */

/* Begin XCSwiftPackageProductDependency section */
		4DD35D8F2CBE1B2800E89775 /* FirebaseAnalytics */ = {
			isa = XCSwiftPackageProductDependency;
			package = 4DD35D8E2CBE1B2800E89775 /* XCRemoteSwiftPackageReference "firebase-ios-sdk" */;
			productName = FirebaseAnalytics;
		};
		4DD35D922CBE1D5300E89775 /* FirebaseAuth */ = {
			isa = XCSwiftPackageProductDependency;
			package = 4DD35D8E2CBE1B2800E89775 /* XCRemoteSwiftPackageReference "firebase-ios-sdk" */;
			productName = FirebaseAuth;
		};
		4DD35DA02CBF85AB00E89775 /* FirebaseAnalyticsSwift */ = {
			isa = XCSwiftPackageProductDependency;
			package = 4DD35D8E2CBE1B2800E89775 /* XCRemoteSwiftPackageReference "firebase-ios-sdk" */;
			productName = FirebaseAnalyticsSwift;
		};
		4DD35DA22CC0A6A800E89775 /* FirebaseFirestore */ = {
			isa = XCSwiftPackageProductDependency;
			package = 4DD35D8E2CBE1B2800E89775 /* XCRemoteSwiftPackageReference "firebase-ios-sdk" */;
			productName = FirebaseFirestore;
		};
		4DD35DA42CC0A6A800E89775 /* FirebaseFirestoreSwift */ = {
			isa = XCSwiftPackageProductDependency;
			package = 4DD35D8E2CBE1B2800E89775 /* XCRemoteSwiftPackageReference "firebase-ios-sdk" */;
			productName = FirebaseFirestoreSwift;
		};
		4DF2FFCE2CC722E600C15C1A /* FirebaseAppCheck */ = {
			isa = XCSwiftPackageProductDependency;
			package = 4DD35D8E2CBE1B2800E89775 /* XCRemoteSwiftPackageReference "firebase-ios-sdk" */;
			productName = FirebaseAppCheck;
		};
		4DF2FFD02CC724EA00C15C1A /* FirebaseAuthCombine-Community */ = {
			isa = XCSwiftPackageProductDependency;
			package = 4DD35D8E2CBE1B2800E89775 /* XCRemoteSwiftPackageReference "firebase-ios-sdk" */;
			productName = "FirebaseAuthCombine-Community";
		};
		4DF2FFD22CC7250E00C15C1A /* FirebaseStorage */ = {
			isa = XCSwiftPackageProductDependency;
			package = 4DD35D8E2CBE1B2800E89775 /* XCRemoteSwiftPackageReference "firebase-ios-sdk" */;
			productName = FirebaseStorage;
		};
/* End XCSwiftPackageProductDependency section */
	};
	rootObject = 4DD35D732CBE16C700E89775 /* Project object */;
}
