// !$*UTF8*$!
{
	archiveVersion = 1;
	classes = {
	};
	objectVersion = 56;
	objects = {

/* Begin PBXBuildFile section */
		4DD35D7F2CBE16C700E89775 /* cruxApp.swift in Sources */ = {isa = PBXBuildFile; fileRef = 4DD35D7E2CBE16C700E89775 /* cruxApp.swift */; };
		4DD35D812CBE16C700E89775 /* ContentView.swift in Sources */ = {isa = PBXBuildFile; fileRef = 4DD35D802CBE16C700E89775 /* ContentView.swift */; };
		4DD35D832CBE16C800E89775 /* Assets.xcassets in Resources */ = {isa = PBXBuildFile; fileRef = 4DD35D822CBE16C800E89775 /* Assets.xcassets */; };
		4DD35D862CBE16C800E89775 /* Preview Assets.xcassets in Resources */ = {isa = PBXBuildFile; fileRef = 4DD35D852CBE16C800E89775 /* Preview Assets.xcassets */; };
		4DD35D8D2CBE197700E89775 /* GoogleService-Info.plist in Resources */ = {isa = PBXBuildFile; fileRef = 4DD35D8C2CBE197700E89775 /* GoogleService-Info.plist */; };
		4DD35D902CBE1B2800E89775 /* FirebaseAnalytics in Frameworks */ = {isa = PBXBuildFile; productRef = 4DD35D8F2CBE1B2800E89775 /* FirebaseAnalytics */; };
		4DD35D932CBE1D5300E89775 /* FirebaseAuth in Frameworks */ = {isa = PBXBuildFile; productRef = 4DD35D922CBE1D5300E89775 /* FirebaseAuth */; };
		4DD35D962CBE1E5400E89775 /* AuthenticationView.swift in Sources */ = {isa = PBXBuildFile; fileRef = 4DD35D952CBE1E5400E89775 /* AuthenticationView.swift */; };
		4DD35D982CBE1FA000E89775 /* SignInEmailView.swift in Sources */ = {isa = PBXBuildFile; fileRef = 4DD35D972CBE1FA000E89775 /* SignInEmailView.swift */; };
		4DD35D9A2CBE223B00E89775 /* AuthenticationManager.swift in Sources */ = {isa = PBXBuildFile; fileRef = 4DD35D992CBE223B00E89775 /* AuthenticationManager.swift */; };
		4DD35D9C2CBE477100E89775 /* RootView.swift in Sources */ = {isa = PBXBuildFile; fileRef = 4DD35D9B2CBE477100E89775 /* RootView.swift */; };
		4DD35D9E2CBE4AFB00E89775 /* SettingsView.swift in Sources */ = {isa = PBXBuildFile; fileRef = 4DD35D9D2CBE4AFB00E89775 /* SettingsView.swift */; };
/* End PBXBuildFile section */

/* Begin PBXFileReference section */
		4DD35D7B2CBE16C700E89775 /* crux.app */ = {isa = PBXFileReference; explicitFileType = wrapper.application; includeInIndex = 0; path = crux.app; sourceTree = BUILT_PRODUCTS_DIR; };
		4DD35D7E2CBE16C700E89775 /* cruxApp.swift */ = {isa = PBXFileReference; lastKnownFileType = sourcecode.swift; path = cruxApp.swift; sourceTree = "<group>"; };
		4DD35D802CBE16C700E89775 /* ContentView.swift */ = {isa = PBXFileReference; lastKnownFileType = sourcecode.swift; path = ContentView.swift; sourceTree = "<group>"; };
		4DD35D822CBE16C800E89775 /* Assets.xcassets */ = {isa = PBXFileReference; lastKnownFileType = folder.assetcatalog; path = Assets.xcassets; sourceTree = "<group>"; };
		4DD35D852CBE16C800E89775 /* Preview Assets.xcassets */ = {isa = PBXFileReference; lastKnownFileType = folder.assetcatalog; path = "Preview Assets.xcassets"; sourceTree = "<group>"; };
		4DD35D8C2CBE197700E89775 /* GoogleService-Info.plist */ = {isa = PBXFileReference; fileEncoding = 4; lastKnownFileType = text.plist.xml; path = "GoogleService-Info.plist"; sourceTree = "<group>"; };
		4DD35D952CBE1E5400E89775 /* AuthenticationView.swift */ = {isa = PBXFileReference; lastKnownFileType = sourcecode.swift; path = AuthenticationView.swift; sourceTree = "<group>"; };
		4DD35D972CBE1FA000E89775 /* SignInEmailView.swift */ = {isa = PBXFileReference; lastKnownFileType = sourcecode.swift; path = SignInEmailView.swift; sourceTree = "<group>"; };
		4DD35D992CBE223B00E89775 /* AuthenticationManager.swift */ = {isa = PBXFileReference; lastKnownFileType = sourcecode.swift; path = AuthenticationManager.swift; sourceTree = "<group>"; };
		4DD35D9B2CBE477100E89775 /* RootView.swift */ = {isa = PBXFileReference; lastKnownFileType = sourcecode.swift; path = RootView.swift; sourceTree = "<group>"; };
		4DD35D9D2CBE4AFB00E89775 /* SettingsView.swift */ = {isa = PBXFileReference; lastKnownFileType = sourcecode.swift; path = SettingsView.swift; sourceTree = "<group>"; };
/* End PBXFileReference section */

/* Begin PBXFrameworksBuildPhase section */
		4DD35D782CBE16C700E89775 /* Frameworks */ = {
			isa = PBXFrameworksBuildPhase;
			buildActionMask = 2147483647;
			files = (
				4DD35D902CBE1B2800E89775 /* FirebaseAnalytics in Frameworks */,
				4DD35D932CBE1D5300E89775 /* FirebaseAuth in Frameworks */,
			);
			runOnlyForDeploymentPostprocessing = 0;
		};
/* End PBXFrameworksBuildPhase section */

/* Begin PBXGroup section */
		4DD35D722CBE16C700E89775 = {
			isa = PBXGroup;
			children = (
				4DD35D7D2CBE16C700E89775 /* crux */,
				4DD35D7C2CBE16C700E89775 /* Products */,
				4DD35D912CBE1D5300E89775 /* Frameworks */,
			);
			sourceTree = "<group>";
		};
		4DD35D7C2CBE16C700E89775 /* Products */ = {
			isa = PBXGroup;
			children = (
				4DD35D7B2CBE16C700E89775 /* crux.app */,
			);
			name = Products;
			sourceTree = "<group>";
		};
		4DD35D7D2CBE16C700E89775 /* crux */ = {
			isa = PBXGroup;
			children = (
				4DD35D7E2CBE16C700E89775 /* cruxApp.swift */,
				4DD35D802CBE16C700E89775 /* ContentView.swift */,
				4DD35D942CBE1E4000E89775 /* Authentication */,
				4DD35D822CBE16C800E89775 /* Assets.xcassets */,
				4DD35D8C2CBE197700E89775 /* GoogleService-Info.plist */,
				4DD35D842CBE16C800E89775 /* Preview Content */,
			);
			path = crux;
			sourceTree = "<group>";
		};
		4DD35D842CBE16C800E89775 /* Preview Content */ = {
			isa = PBXGroup;
			children = (
				4DD35D852CBE16C800E89775 /* Preview Assets.xcassets */,
			);
			path = "Preview Content";
			sourceTree = "<group>";
		};
		4DD35D912CBE1D5300E89775 /* Frameworks */ = {
			isa = PBXGroup;
			children = (
			);
			name = Frameworks;
			sourceTree = "<group>";
		};
		4DD35D942CBE1E4000E89775 /* Authentication */ = {
			isa = PBXGroup;
			children = (
				4DD35D9B2CBE477100E89775 /* RootView.swift */,
				4DD35D9D2CBE4AFB00E89775 /* SettingsView.swift */,
				4DD35D952CBE1E5400E89775 /* AuthenticationView.swift */,
				4DD35D972CBE1FA000E89775 /* SignInEmailView.swift */,
				4DD35D992CBE223B00E89775 /* AuthenticationManager.swift */,
			);
			path = Authentication;
			sourceTree = "<group>";
		};
/* End PBXGroup section */

/* Begin PBXNativeTarget section */
		4DD35D7A2CBE16C700E89775 /* crux */ = {
			isa = PBXNativeTarget;
			buildConfigurationList = 4DD35D892CBE16C800E89775 /* Build configuration list for PBXNativeTarget "crux" */;
			buildPhases = (
				4DD35D772CBE16C700E89775 /* Sources */,
				4DD35D782CBE16C700E89775 /* Frameworks */,
				4DD35D792CBE16C700E89775 /* Resources */,
			);
			buildRules = (
			);
			dependencies = (
			);
			name = crux;
			packageProductDependencies = (
				4DD35D8F2CBE1B2800E89775 /* FirebaseAnalytics */,
				4DD35D922CBE1D5300E89775 /* FirebaseAuth */,
			);
			productName = crux;
			productReference = 4DD35D7B2CBE16C700E89775 /* crux.app */;
			productType = "com.apple.product-type.application";
		};
/* End PBXNativeTarget section */

/* Begin PBXProject section */
		4DD35D732CBE16C700E89775 /* Project object */ = {
			isa = PBXProject;
			attributes = {
				BuildIndependentTargetsInParallel = 1;
				LastSwiftUpdateCheck = 1540;
				LastUpgradeCheck = 1540;
				TargetAttributes = {
					4DD35D7A2CBE16C700E89775 = {
						CreatedOnToolsVersion = 15.4;
					};
				};
			};
			buildConfigurationList = 4DD35D762CBE16C700E89775 /* Build configuration list for PBXProject "crux" */;
			compatibilityVersion = "Xcode 14.0";
			developmentRegion = en;
			hasScannedForEncodings = 0;
			knownRegions = (
				en,
				Base,
			);
			mainGroup = 4DD35D722CBE16C700E89775;
			packageReferences = (
				4DD35D8E2CBE1B2800E89775 /* XCRemoteSwiftPackageReference "firebase-ios-sdk" */,
			);
			productRefGroup = 4DD35D7C2CBE16C700E89775 /* Products */;
			projectDirPath = "";
			projectRoot = "";
			targets = (
				4DD35D7A2CBE16C700E89775 /* crux */,
			);
		};
/* End PBXProject section */

/* Begin PBXResourcesBuildPhase section */
		4DD35D792CBE16C700E89775 /* Resources */ = {
			isa = PBXResourcesBuildPhase;
			buildActionMask = 2147483647;
			files = (
				4DD35D862CBE16C800E89775 /* Preview Assets.xcassets in Resources */,
				4DD35D832CBE16C800E89775 /* Assets.xcassets in Resources */,
				4DD35D8D2CBE197700E89775 /* GoogleService-Info.plist in Resources */,
			);
			runOnlyForDeploymentPostprocessing = 0;
		};
/* End PBXResourcesBuildPhase section */

/* Begin PBXSourcesBuildPhase section */
		4DD35D772CBE16C700E89775 /* Sources */ = {
			isa = PBXSourcesBuildPhase;
			buildActionMask = 2147483647;
			files = (
				4DD35D9E2CBE4AFB00E89775 /* SettingsView.swift in Sources */,
				4DD35D812CBE16C700E89775 /* ContentView.swift in Sources */,
				4DD35D7F2CBE16C700E89775 /* cruxApp.swift in Sources */,
				4DD35D9C2CBE477100E89775 /* RootView.swift in Sources */,
				4DD35D962CBE1E5400E89775 /* AuthenticationView.swift in Sources */,
				4DD35D9A2CBE223B00E89775 /* AuthenticationManager.swift in Sources */,
				4DD35D982CBE1FA000E89775 /* SignInEmailView.swift in Sources */,
			);
			runOnlyForDeploymentPostprocessing = 0;
		};
/* End PBXSourcesBuildPhase section */

/* Begin XCBuildConfiguration section */
		4DD35D872CBE16C800E89775 /* Debug */ = {
			isa = XCBuildConfiguration;
			buildSettings = {
				ALWAYS_SEARCH_USER_PATHS = NO;
				ASSETCATALOG_COMPILER_GENERATE_SWIFT_ASSET_SYMBOL_EXTENSIONS = YES;
				CLANG_ANALYZER_NONNULL = YES;
				CLANG_ANALYZER_NUMBER_OBJECT_CONVERSION = YES_AGGRESSIVE;
				CLANG_CXX_LANGUAGE_STANDARD = "gnu++20";
				CLANG_ENABLE_MODULES = YES;
				CLANG_ENABLE_OBJC_ARC = YES;
				CLANG_ENABLE_OBJC_WEAK = YES;
				CLANG_WARN_BLOCK_CAPTURE_AUTORELEASING = YES;
				CLANG_WARN_BOOL_CONVERSION = YES;
				CLANG_WARN_COMMA = YES;
				CLANG_WARN_CONSTANT_CONVERSION = YES;
				CLANG_WARN_DEPRECATED_OBJC_IMPLEMENTATIONS = YES;
				CLANG_WARN_DIRECT_OBJC_ISA_USAGE = YES_ERROR;
				CLANG_WARN_DOCUMENTATION_COMMENTS = YES;
				CLANG_WARN_EMPTY_BODY = YES;
				CLANG_WARN_ENUM_CONVERSION = YES;
				CLANG_WARN_INFINITE_RECURSION = YES;
				CLANG_WARN_INT_CONVERSION = YES;
				CLANG_WARN_NON_LITERAL_NULL_CONVERSION = YES;
				CLANG_WARN_OBJC_IMPLICIT_RETAIN_SELF = YES;
				CLANG_WARN_OBJC_LITERAL_CONVERSION = YES;
				CLANG_WARN_OBJC_ROOT_CLASS = YES_ERROR;
				CLANG_WARN_QUOTED_INCLUDE_IN_FRAMEWORK_HEADER = YES;
				CLANG_WARN_RANGE_LOOP_ANALYSIS = YES;
				CLANG_WARN_STRICT_PROTOTYPES = YES;
				CLANG_WARN_SUSPICIOUS_MOVE = YES;
				CLANG_WARN_UNGUARDED_AVAILABILITY = YES_AGGRESSIVE;
				CLANG_WARN_UNREACHABLE_CODE = YES;
				CLANG_WARN__DUPLICATE_METHOD_MATCH = YES;
				COPY_PHASE_STRIP = NO;
				DEBUG_INFORMATION_FORMAT = dwarf;
				ENABLE_STRICT_OBJC_MSGSEND = YES;
				ENABLE_TESTABILITY = YES;
				ENABLE_USER_SCRIPT_SANDBOXING = YES;
				GCC_C_LANGUAGE_STANDARD = gnu17;
				GCC_DYNAMIC_NO_PIC = NO;
				GCC_NO_COMMON_BLOCKS = YES;
				GCC_OPTIMIZATION_LEVEL = 0;
				GCC_PREPROCESSOR_DEFINITIONS = (
					"DEBUG=1",
					"$(inherited)",
				);
				GCC_WARN_64_TO_32_BIT_CONVERSION = YES;
				GCC_WARN_ABOUT_RETURN_TYPE = YES_ERROR;
				GCC_WARN_UNDECLARED_SELECTOR = YES;
				GCC_WARN_UNINITIALIZED_AUTOS = YES_AGGRESSIVE;
				GCC_WARN_UNUSED_FUNCTION = YES;
				GCC_WARN_UNUSED_VARIABLE = YES;
				IPHONEOS_DEPLOYMENT_TARGET = 17.5;
				LOCALIZATION_PREFERS_STRING_CATALOGS = YES;
				MTL_ENABLE_DEBUG_INFO = INCLUDE_SOURCE;
				MTL_FAST_MATH = YES;
				ONLY_ACTIVE_ARCH = YES;
				SDKROOT = iphoneos;
				SWIFT_ACTIVE_COMPILATION_CONDITIONS = "DEBUG $(inherited)";
				SWIFT_OPTIMIZATION_LEVEL = "-Onone";
			};
			name = Debug;
		};
		4DD35D882CBE16C800E89775 /* Release */ = {
			isa = XCBuildConfiguration;
			buildSettings = {
				ALWAYS_SEARCH_USER_PATHS = NO;
				ASSETCATALOG_COMPILER_GENERATE_SWIFT_ASSET_SYMBOL_EXTENSIONS = YES;
				CLANG_ANALYZER_NONNULL = YES;
				CLANG_ANALYZER_NUMBER_OBJECT_CONVERSION = YES_AGGRESSIVE;
				CLANG_CXX_LANGUAGE_STANDARD = "gnu++20";
				CLANG_ENABLE_MODULES = YES;
				CLANG_ENABLE_OBJC_ARC = YES;
				CLANG_ENABLE_OBJC_WEAK = YES;
				CLANG_WARN_BLOCK_CAPTURE_AUTORELEASING = YES;
				CLANG_WARN_BOOL_CONVERSION = YES;
				CLANG_WARN_COMMA = YES;
				CLANG_WARN_CONSTANT_CONVERSION = YES;
				CLANG_WARN_DEPRECATED_OBJC_IMPLEMENTATIONS = YES;
				CLANG_WARN_DIRECT_OBJC_ISA_USAGE = YES_ERROR;
				CLANG_WARN_DOCUMENTATION_COMMENTS = YES;
				CLANG_WARN_EMPTY_BODY = YES;
				CLANG_WARN_ENUM_CONVERSION = YES;
				CLANG_WARN_INFINITE_RECURSION = YES;
				CLANG_WARN_INT_CONVERSION = YES;
				CLANG_WARN_NON_LITERAL_NULL_CONVERSION = YES;
				CLANG_WARN_OBJC_IMPLICIT_RETAIN_SELF = YES;
				CLANG_WARN_OBJC_LITERAL_CONVERSION = YES;
				CLANG_WARN_OBJC_ROOT_CLASS = YES_ERROR;
				CLANG_WARN_QUOTED_INCLUDE_IN_FRAMEWORK_HEADER = YES;
				CLANG_WARN_RANGE_LOOP_ANALYSIS = YES;
				CLANG_WARN_STRICT_PROTOTYPES = YES;
				CLANG_WARN_SUSPICIOUS_MOVE = YES;
				CLANG_WARN_UNGUARDED_AVAILABILITY = YES_AGGRESSIVE;
				CLANG_WARN_UNREACHABLE_CODE = YES;
				CLANG_WARN__DUPLICATE_METHOD_MATCH = YES;
				COPY_PHASE_STRIP = NO;
				DEBUG_INFORMATION_FORMAT = "dwarf-with-dsym";
				ENABLE_NS_ASSERTIONS = NO;
				ENABLE_STRICT_OBJC_MSGSEND = YES;
				ENABLE_USER_SCRIPT_SANDBOXING = YES;
				GCC_C_LANGUAGE_STANDARD = gnu17;
				GCC_NO_COMMON_BLOCKS = YES;
				GCC_WARN_64_TO_32_BIT_CONVERSION = YES;
				GCC_WARN_ABOUT_RETURN_TYPE = YES_ERROR;
				GCC_WARN_UNDECLARED_SELECTOR = YES;
				GCC_WARN_UNINITIALIZED_AUTOS = YES_AGGRESSIVE;
				GCC_WARN_UNUSED_FUNCTION = YES;
				GCC_WARN_UNUSED_VARIABLE = YES;
				IPHONEOS_DEPLOYMENT_TARGET = 17.5;
				LOCALIZATION_PREFERS_STRING_CATALOGS = YES;
				MTL_ENABLE_DEBUG_INFO = NO;
				MTL_FAST_MATH = YES;
				SDKROOT = iphoneos;
				SWIFT_COMPILATION_MODE = wholemodule;
				VALIDATE_PRODUCT = YES;
			};
			name = Release;
		};
		4DD35D8A2CBE16C800E89775 /* Debug */ = {
			isa = XCBuildConfiguration;
			buildSettings = {
				ASSETCATALOG_COMPILER_APPICON_NAME = AppIcon;
				ASSETCATALOG_COMPILER_GLOBAL_ACCENT_COLOR_NAME = AccentColor;
				CODE_SIGN_STYLE = Automatic;
				CURRENT_PROJECT_VERSION = 1;
				DEVELOPMENT_ASSET_PATHS = "\"crux/Preview Content\"";
				ENABLE_PREVIEWS = YES;
				GENERATE_INFOPLIST_FILE = YES;
				INFOPLIST_KEY_UIApplicationSceneManifest_Generation = YES;
				INFOPLIST_KEY_UIApplicationSupportsIndirectInputEvents = YES;
				INFOPLIST_KEY_UILaunchScreen_Generation = YES;
				INFOPLIST_KEY_UISupportedInterfaceOrientations_iPad = "UIInterfaceOrientationPortrait UIInterfaceOrientationPortraitUpsideDown UIInterfaceOrientationLandscapeLeft UIInterfaceOrientationLandscapeRight";
				INFOPLIST_KEY_UISupportedInterfaceOrientations_iPhone = "UIInterfaceOrientationPortrait UIInterfaceOrientationLandscapeLeft UIInterfaceOrientationLandscapeRight";
				LD_RUNPATH_SEARCH_PATHS = (
					"$(inherited)",
					"@executable_path/Frameworks",
				);
				MARKETING_VERSION = 1.0;
				PRODUCT_BUNDLE_IDENTIFIER = ucla.crux;
				PRODUCT_NAME = "$(TARGET_NAME)";
				SWIFT_EMIT_LOC_STRINGS = YES;
				SWIFT_VERSION = 5.0;
				TARGETED_DEVICE_FAMILY = "1,2";
			};
			name = Debug;
		};
		4DD35D8B2CBE16C800E89775 /* Release */ = {
			isa = XCBuildConfiguration;
			buildSettings = {
				ASSETCATALOG_COMPILER_APPICON_NAME = AppIcon;
				ASSETCATALOG_COMPILER_GLOBAL_ACCENT_COLOR_NAME = AccentColor;
				CODE_SIGN_STYLE = Automatic;
				CURRENT_PROJECT_VERSION = 1;
				DEVELOPMENT_ASSET_PATHS = "\"crux/Preview Content\"";
				ENABLE_PREVIEWS = YES;
				GENERATE_INFOPLIST_FILE = YES;
				INFOPLIST_KEY_UIApplicationSceneManifest_Generation = YES;
				INFOPLIST_KEY_UIApplicationSupportsIndirectInputEvents = YES;
				INFOPLIST_KEY_UILaunchScreen_Generation = YES;
				INFOPLIST_KEY_UISupportedInterfaceOrientations_iPad = "UIInterfaceOrientationPortrait UIInterfaceOrientationPortraitUpsideDown UIInterfaceOrientationLandscapeLeft UIInterfaceOrientationLandscapeRight";
				INFOPLIST_KEY_UISupportedInterfaceOrientations_iPhone = "UIInterfaceOrientationPortrait UIInterfaceOrientationLandscapeLeft UIInterfaceOrientationLandscapeRight";
				LD_RUNPATH_SEARCH_PATHS = (
					"$(inherited)",
					"@executable_path/Frameworks",
				);
				MARKETING_VERSION = 1.0;
				PRODUCT_BUNDLE_IDENTIFIER = ucla.crux;
				PRODUCT_NAME = "$(TARGET_NAME)";
				SWIFT_EMIT_LOC_STRINGS = YES;
				SWIFT_VERSION = 5.0;
				TARGETED_DEVICE_FAMILY = "1,2";
			};
			name = Release;
		};
/* End XCBuildConfiguration section */

/* Begin XCConfigurationList section */
		4DD35D762CBE16C700E89775 /* Build configuration list for PBXProject "crux" */ = {
			isa = XCConfigurationList;
			buildConfigurations = (
				4DD35D872CBE16C800E89775 /* Debug */,
				4DD35D882CBE16C800E89775 /* Release */,
			);
			defaultConfigurationIsVisible = 0;
			defaultConfigurationName = Release;
		};
		4DD35D892CBE16C800E89775 /* Build configuration list for PBXNativeTarget "crux" */ = {
			isa = XCConfigurationList;
			buildConfigurations = (
				4DD35D8A2CBE16C800E89775 /* Debug */,
				4DD35D8B2CBE16C800E89775 /* Release */,
			);
			defaultConfigurationIsVisible = 0;
			defaultConfigurationName = Release;
		};
/* End XCConfigurationList section */

/* Begin XCRemoteSwiftPackageReference section */
		4DD35D8E2CBE1B2800E89775 /* XCRemoteSwiftPackageReference "firebase-ios-sdk" */ = {
			isa = XCRemoteSwiftPackageReference;
			repositoryURL = "https://github.com/firebase/firebase-ios-sdk.git";
			requirement = {
				kind = exactVersion;
				version = 10.4.0;
			};
		};
/* End XCRemoteSwiftPackageReference section */

/* Begin XCSwiftPackageProductDependency section */
		4DD35D8F2CBE1B2800E89775 /* FirebaseAnalytics */ = {
			isa = XCSwiftPackageProductDependency;
			package = 4DD35D8E2CBE1B2800E89775 /* XCRemoteSwiftPackageReference "firebase-ios-sdk" */;
			productName = FirebaseAnalytics;
		};
		4DD35D922CBE1D5300E89775 /* FirebaseAuth */ = {
			isa = XCSwiftPackageProductDependency;
			package = 4DD35D8E2CBE1B2800E89775 /* XCRemoteSwiftPackageReference "firebase-ios-sdk" */;
			productName = FirebaseAuth;
		};
/* End XCSwiftPackageProductDependency section */
	};
	rootObject = 4DD35D732CBE16C700E89775 /* Project object */;
}
